
Microsoft Visual Studio Solution File, Format Version 12.00
# Visual Studio Version 16
VisualStudioVersion = 16.0.810.7
MinimumVisualStudioVersion = 10.0.40219.1
Project("{FAE04EC0-301F-11D3-BF4B-00C04F79EFBC}") = "RazorPagesMovie", "RazorPagesMovie\RazorPagesMovie.csproj", "{6F03F088-EBB8-40D8-A571-71FD9C9A68C8}"
EndProject
Global
	GlobalSection(SolutionConfigurationPlatforms) = preSolution
		Debug|Any CPU = Debug|Any CPU
		Release|Any CPU = Release|Any CPU
	EndGlobalSection
	GlobalSection(ProjectConfigurationPlatforms) = postSolution
		{6F03F088-EBB8-40D8-A571-71FD9C9A68C8}.Debug|Any CPU.ActiveCfg = Debug|Any CPU
		{6F03F088-EBB8-40D8-A571-71FD9C9A68C8}.Debug|Any CPU.Build.0 = Debug|Any CPU
		{6F03F088-EBB8-40D8-A571-71FD9C9A68C8}.Release|Any CPU.ActiveCfg = Release|Any CPU
		{6F03F088-EBB8-40D8-A571-71FD9C9A68C8}.Release|Any CPU.Build.0 = Release|Any CPU
	EndGlobalSection
	GlobalSection(SolutionProperties) = preSolution
		HideSolutionNode = FALSE
	EndGlobalSection
	GlobalSection(ExtensibilityGlobals) = postSolution
		SolutionGuid = {D7070C41-D7DC-449D-AADA-7DBE87C98B18}
	EndGlobalSection
EndGlobal
